
Microsoft Visual Studio Solution File, Format Version 12.00
# Visual Studio Version 16
VisualStudioVersion = 16.0.29709.97
MinimumVisualStudioVersion = 10.0.40219.1
Project("{FAE04EC0-301F-11D3-BF4B-00C04F79EFBC}") = "Net Standard 2.1 to 2.0 Compatibility", "Net Standard 2.1 to 2.0 Compatibility.csproj", "{F708A807-2D94-45E9-B676-2B5A2ACB04F6}"
EndProject
Global
	GlobalSection(SolutionConfigurationPlatforms) = preSolution
		Debug|Any CPU = Debug|Any CPU
		Release|Any CPU = Release|Any CPU
	EndGlobalSection
	GlobalSection(ProjectConfigurationPlatforms) = postSolution
		{F708A807-2D94-45E9-B676-2B5A2ACB04F6}.Debug|Any CPU.ActiveCfg = Debug|Any CPU
		{F708A807-2D94-45E9-B676-2B5A2ACB04F6}.Debug|Any CPU.Build.0 = Debug|Any CPU
		{F708A807-2D94-45E9-B676-2B5A2ACB04F6}.Release|Any CPU.ActiveCfg = Release|Any CPU
		{F708A807-2D94-45E9-B676-2B5A2ACB04F6}.Release|Any CPU.Build.0 = Release|Any CPU
	EndGlobalSection
	GlobalSection(SolutionProperties) = preSolution
		HideSolutionNode = FALSE
	EndGlobalSection
	GlobalSection(ExtensibilityGlobals) = postSolution
		SolutionGuid = {0016C22B-D78C-4E8D-BE63-D2D8AC510413}
	EndGlobalSection
EndGlobal
